// !$*UTF8*$!
{
	archiveVersion = 1;
	classes = {
	};
	objectVersion = 55;
	objects = {

/* Begin PBXBuildFile section */
		A1B42D2227972DC100FDE010 /* AppDelegate.swift in Sources */ = {isa = PBXBuildFile; fileRef = A1B42D2127972DC100FDE010 /* AppDelegate.swift */; };
		A1B42D2427972DC100FDE010 /* SceneDelegate.swift in Sources */ = {isa = PBXBuildFile; fileRef = A1B42D2327972DC100FDE010 /* SceneDelegate.swift */; };
		A1B42D2627972DC100FDE010 /* ViewController.swift in Sources */ = {isa = PBXBuildFile; fileRef = A1B42D2527972DC100FDE010 /* ViewController.swift */; };
		A1B42D2927972DC100FDE010 /* Main.storyboard in Resources */ = {isa = PBXBuildFile; fileRef = A1B42D2727972DC100FDE010 /* Main.storyboard */; };
		A1B42D2B27972DC200FDE010 /* Assets.xcassets in Resources */ = {isa = PBXBuildFile; fileRef = A1B42D2A27972DC200FDE010 /* Assets.xcassets */; };
		A1B42D2E27972DC200FDE010 /* LaunchScreen.storyboard in Resources */ = {isa = PBXBuildFile; fileRef = A1B42D2C27972DC200FDE010 /* LaunchScreen.storyboard */; };
		A1B42D3927972DC200FDE010 /* Im_am_RichTests.swift in Sources */ = {isa = PBXBuildFile; fileRef = A1B42D3827972DC200FDE010 /* Im_am_RichTests.swift */; };
		A1B42D4327972DC200FDE010 /* Im_am_RichUITests.swift in Sources */ = {isa = PBXBuildFile; fileRef = A1B42D4227972DC200FDE010 /* Im_am_RichUITests.swift */; };
		A1B42D4527972DC200FDE010 /* Im_am_RichUITestsLaunchTests.swift in Sources */ = {isa = PBXBuildFile; fileRef = A1B42D4427972DC200FDE010 /* Im_am_RichUITestsLaunchTests.swift */; };
/* End PBXBuildFile section */

/* Begin PBXContainerItemProxy section */
		A1B42D3527972DC200FDE010 /* PBXContainerItemProxy */ = {
			isa = PBXContainerItemProxy;
			containerPortal = A1B42D1627972DC100FDE010 /* Project object */;
			proxyType = 1;
			remoteGlobalIDString = A1B42D1D27972DC100FDE010;
			remoteInfo = "Im am Rich";
		};
		A1B42D3F27972DC200FDE010 /* PBXContainerItemProxy */ = {
			isa = PBXContainerItemProxy;
			containerPortal = A1B42D1627972DC100FDE010 /* Project object */;
			proxyType = 1;
			remoteGlobalIDString = A1B42D1D27972DC100FDE010;
			remoteInfo = "Im am Rich";
		};
/* End PBXContainerItemProxy section */

/* Begin PBXFileReference section */
		A1B42D1E27972DC100FDE010 /* Im am Rich.app */ = {isa = PBXFileReference; explicitFileType = wrapper.application; includeInIndex = 0; path = "Im am Rich.app"; sourceTree = BUILT_PRODUCTS_DIR; };
		A1B42D2127972DC100FDE010 /* AppDelegate.swift */ = {isa = PBXFileReference; lastKnownFileType = sourcecode.swift; path = AppDelegate.swift; sourceTree = "<group>"; };
		A1B42D2327972DC100FDE010 /* SceneDelegate.swift */ = {isa = PBXFileReference; lastKnownFileType = sourcecode.swift; path = SceneDelegate.swift; sourceTree = "<group>"; };
		A1B42D2527972DC100FDE010 /* ViewController.swift */ = {isa = PBXFileReference; lastKnownFileType = sourcecode.swift; path = ViewController.swift; sourceTree = "<group>"; };
		A1B42D2827972DC100FDE010 /* Base */ = {isa = PBXFileReference; lastKnownFileType = file.storyboard; name = Base; path = Base.lproj/Main.storyboard; sourceTree = "<group>"; };
		A1B42D2A27972DC200FDE010 /* Assets.xcassets */ = {isa = PBXFileReference; lastKnownFileType = folder.assetcatalog; path = Assets.xcassets; sourceTree = "<group>"; };
		A1B42D2D27972DC200FDE010 /* Base */ = {isa = PBXFileReference; lastKnownFileType = file.storyboard; name = Base; path = Base.lproj/LaunchScreen.storyboard; sourceTree = "<group>"; };
		A1B42D2F27972DC200FDE010 /* Info.plist */ = {isa = PBXFileReference; lastKnownFileType = text.plist.xml; path = Info.plist; sourceTree = "<group>"; };
		A1B42D3427972DC200FDE010 /* Im am RichTests.xctest */ = {isa = PBXFileReference; explicitFileType = wrapper.cfbundle; includeInIndex = 0; path = "Im am RichTests.xctest"; sourceTree = BUILT_PRODUCTS_DIR; };
		A1B42D3827972DC200FDE010 /* Im_am_RichTests.swift */ = {isa = PBXFileReference; lastKnownFileType = sourcecode.swift; path = Im_am_RichTests.swift; sourceTree = "<group>"; };
		A1B42D3E27972DC200FDE010 /* Im am RichUITests.xctest */ = {isa = PBXFileReference; explicitFileType = wrapper.cfbundle; includeInIndex = 0; path = "Im am RichUITests.xctest"; sourceTree = BUILT_PRODUCTS_DIR; };
		A1B42D4227972DC200FDE010 /* Im_am_RichUITests.swift */ = {isa = PBXFileReference; lastKnownFileType = sourcecode.swift; path = Im_am_RichUITests.swift; sourceTree = "<group>"; };
		A1B42D4427972DC200FDE010 /* Im_am_RichUITestsLaunchTests.swift */ = {isa = PBXFileReference; lastKnownFileType = sourcecode.swift; path = Im_am_RichUITestsLaunchTests.swift; sourceTree = "<group>"; };
/* End PBXFileReference section */

/* Begin PBXFrameworksBuildPhase section */
		A1B42D1B27972DC100FDE010 /* Frameworks */ = {
			isa = PBXFrameworksBuildPhase;
			buildActionMask = 2147483647;
			files = (
			);
			runOnlyForDeploymentPostprocessing = 0;
		};
		A1B42D3127972DC200FDE010 /* Frameworks */ = {
			isa = PBXFrameworksBuildPhase;
			buildActionMask = 2147483647;
			files = (
			);
			runOnlyForDeploymentPostprocessing = 0;
		};
		A1B42D3B27972DC200FDE010 /* Frameworks */ = {
			isa = PBXFrameworksBuildPhase;
			buildActionMask = 2147483647;
			files = (
			);
			runOnlyForDeploymentPostprocessing = 0;
		};
/* End PBXFrameworksBuildPhase section */

/* Begin PBXGroup section */
		A1B42D1527972DC100FDE010 = {
			isa = PBXGroup;
			children = (
				A1B42D2027972DC100FDE010 /* Im am Rich */,
				A1B42D3727972DC200FDE010 /* Im am RichTests */,
				A1B42D4127972DC200FDE010 /* Im am RichUITests */,
				A1B42D1F27972DC100FDE010 /* Products */,
			);
			sourceTree = "<group>";
		};
		A1B42D1F27972DC100FDE010 /* Products */ = {
			isa = PBXGroup;
			children = (
				A1B42D1E27972DC100FDE010 /* Im am Rich.app */,
				A1B42D3427972DC200FDE010 /* Im am RichTests.xctest */,
				A1B42D3E27972DC200FDE010 /* Im am RichUITests.xctest */,
			);
			name = Products;
			sourceTree = "<group>";
		};
		A1B42D2027972DC100FDE010 /* Im am Rich */ = {
			isa = PBXGroup;
			children = (
				A1B42D2127972DC100FDE010 /* AppDelegate.swift */,
				A1B42D2327972DC100FDE010 /* SceneDelegate.swift */,
				A1B42D2527972DC100FDE010 /* ViewController.swift */,
				A1B42D2727972DC100FDE010 /* Main.storyboard */,
				A1B42D2A27972DC200FDE010 /* Assets.xcassets */,
				A1B42D2C27972DC200FDE010 /* LaunchScreen.storyboard */,
				A1B42D2F27972DC200FDE010 /* Info.plist */,
			);
			path = "Im am Rich";
			sourceTree = "<group>";
		};
		A1B42D3727972DC200FDE010 /* Im am RichTests */ = {
			isa = PBXGroup;
			children = (
				A1B42D3827972DC200FDE010 /* Im_am_RichTests.swift */,
			);
			path = "Im am RichTests";
			sourceTree = "<group>";
		};
		A1B42D4127972DC200FDE010 /* Im am RichUITests */ = {
			isa = PBXGroup;
			children = (
				A1B42D4227972DC200FDE010 /* Im_am_RichUITests.swift */,
				A1B42D4427972DC200FDE010 /* Im_am_RichUITestsLaunchTests.swift */,
			);
			path = "Im am RichUITests";
			sourceTree = "<group>";
		};
/* End PBXGroup section */

/* Begin PBXNativeTarget section */
		A1B42D1D27972DC100FDE010 /* Im am Rich */ = {
			isa = PBXNativeTarget;
			buildConfigurationList = A1B42D4827972DC200FDE010 /* Build configuration list for PBXNativeTarget "Im am Rich" */;
			buildPhases = (
				A1B42D1A27972DC100FDE010 /* Sources */,
				A1B42D1B27972DC100FDE010 /* Frameworks */,
				A1B42D1C27972DC100FDE010 /* Resources */,
			);
			buildRules = (
			);
			dependencies = (
			);
			name = "Im am Rich";
			productName = "Im am Rich";
			productReference = A1B42D1E27972DC100FDE010 /* Im am Rich.app */;
			productType = "com.apple.product-type.application";
		};
		A1B42D3327972DC200FDE010 /* Im am RichTests */ = {
			isa = PBXNativeTarget;
			buildConfigurationList = A1B42D4B27972DC200FDE010 /* Build configuration list for PBXNativeTarget "Im am RichTests" */;
			buildPhases = (
				A1B42D3027972DC200FDE010 /* Sources */,
				A1B42D3127972DC200FDE010 /* Frameworks */,
				A1B42D3227972DC200FDE010 /* Resources */,
			);
			buildRules = (
			);
			dependencies = (
				A1B42D3627972DC200FDE010 /* PBXTargetDependency */,
			);
			name = "Im am RichTests";
			productName = "Im am RichTests";
			productReference = A1B42D3427972DC200FDE010 /* Im am RichTests.xctest */;
			productType = "com.apple.product-type.bundle.unit-test";
		};
		A1B42D3D27972DC200FDE010 /* Im am RichUITests */ = {
			isa = PBXNativeTarget;
			buildConfigurationList = A1B42D4E27972DC200FDE010 /* Build configuration list for PBXNativeTarget "Im am RichUITests" */;
			buildPhases = (
				A1B42D3A27972DC200FDE010 /* Sources */,
				A1B42D3B27972DC200FDE010 /* Frameworks */,
				A1B42D3C27972DC200FDE010 /* Resources */,
			);
			buildRules = (
			);
			dependencies = (
				A1B42D4027972DC200FDE010 /* PBXTargetDependency */,
			);
			name = "Im am RichUITests";
			productName = "Im am RichUITests";
			productReference = A1B42D3E27972DC200FDE010 /* Im am RichUITests.xctest */;
			productType = "com.apple.product-type.bundle.ui-testing";
		};
/* End PBXNativeTarget section */

/* Begin PBXProject section */
		A1B42D1627972DC100FDE010 /* Project object */ = {
			isa = PBXProject;
			attributes = {
				BuildIndependentTargetsInParallel = 1;
				LastSwiftUpdateCheck = 1320;
				LastUpgradeCheck = 1320;
				TargetAttributes = {
					A1B42D1D27972DC100FDE010 = {
						CreatedOnToolsVersion = 13.2.1;
					};
					A1B42D3327972DC200FDE010 = {
						CreatedOnToolsVersion = 13.2.1;
						TestTargetID = A1B42D1D27972DC100FDE010;
					};
					A1B42D3D27972DC200FDE010 = {
						CreatedOnToolsVersion = 13.2.1;
						TestTargetID = A1B42D1D27972DC100FDE010;
					};
				};
			};
			buildConfigurationList = A1B42D1927972DC100FDE010 /* Build configuration list for PBXProject "Im am Rich" */;
			compatibilityVersion = "Xcode 13.0";
			developmentRegion = en;
			hasScannedForEncodings = 0;
			knownRegions = (
				en,
				Base,
			);
			mainGroup = A1B42D1527972DC100FDE010;
			productRefGroup = A1B42D1F27972DC100FDE010 /* Products */;
			projectDirPath = "";
			projectRoot = "";
			targets = (
				A1B42D1D27972DC100FDE010 /* Im am Rich */,
				A1B42D3327972DC200FDE010 /* Im am RichTests */,
				A1B42D3D27972DC200FDE010 /* Im am RichUITests */,
			);
		};
/* End PBXProject section */

/* Begin PBXResourcesBuildPhase section */
		A1B42D1C27972DC100FDE010 /* Resources */ = {
			isa = PBXResourcesBuildPhase;
			buildActionMask = 2147483647;
			files = (
				A1B42D2E27972DC200FDE010 /* LaunchScreen.storyboard in Resources */,
				A1B42D2B27972DC200FDE010 /* Assets.xcassets in Resources */,
				A1B42D2927972DC100FDE010 /* Main.storyboard in Resources */,
			);
			runOnlyForDeploymentPostprocessing = 0;
		};
		A1B42D3227972DC200FDE010 /* Resources */ = {
			isa = PBXResourcesBuildPhase;
			buildActionMask = 2147483647;
			files = (
			);
			runOnlyForDeploymentPostprocessing = 0;
		};
		A1B42D3C27972DC200FDE010 /* Resources */ = {
			isa = PBXResourcesBuildPhase;
			buildActionMask = 2147483647;
			files = (
			);
			runOnlyForDeploymentPostprocessing = 0;
		};
/* End PBXResourcesBuildPhase section */

/* Begin PBXSourcesBuildPhase section */
		A1B42D1A27972DC100FDE010 /* Sources */ = {
			isa = PBXSourcesBuildPhase;
			buildActionMask = 2147483647;
			files = (
				A1B42D2627972DC100FDE010 /* ViewController.swift in Sources */,
				A1B42D2227972DC100FDE010 /* AppDelegate.swift in Sources */,
				A1B42D2427972DC100FDE010 /* SceneDelegate.swift in Sources */,
			);
			runOnlyForDeploymentPostprocessing = 0;
		};
		A1B42D3027972DC200FDE010 /* Sources */ = {
			isa = PBXSourcesBuildPhase;
			buildActionMask = 2147483647;
			files = (
				A1B42D3927972DC200FDE010 /* Im_am_RichTests.swift in Sources */,
			);
			runOnlyForDeploymentPostprocessing = 0;
		};
		A1B42D3A27972DC200FDE010 /* Sources */ = {
			isa = PBXSourcesBuildPhase;
			buildActionMask = 2147483647;
			files = (
				A1B42D4527972DC200FDE010 /* Im_am_RichUITestsLaunchTests.swift in Sources */,
				A1B42D4327972DC200FDE010 /* Im_am_RichUITests.swift in Sources */,
			);
			runOnlyForDeploymentPostprocessing = 0;
		};
/* End PBXSourcesBuildPhase section */

/* Begin PBXTargetDependency section */
		A1B42D3627972DC200FDE010 /* PBXTargetDependency */ = {
			isa = PBXTargetDependency;
			target = A1B42D1D27972DC100FDE010 /* Im am Rich */;
			targetProxy = A1B42D3527972DC200FDE010 /* PBXContainerItemProxy */;
		};
		A1B42D4027972DC200FDE010 /* PBXTargetDependency */ = {
			isa = PBXTargetDependency;
			target = A1B42D1D27972DC100FDE010 /* Im am Rich */;
			targetProxy = A1B42D3F27972DC200FDE010 /* PBXContainerItemProxy */;
		};
/* End PBXTargetDependency section */

/* Begin PBXVariantGroup section */
		A1B42D2727972DC100FDE010 /* Main.storyboard */ = {
			isa = PBXVariantGroup;
			children = (
				A1B42D2827972DC100FDE010 /* Base */,
			);
			name = Main.storyboard;
			sourceTree = "<group>";
		};
		A1B42D2C27972DC200FDE010 /* LaunchScreen.storyboard */ = {
			isa = PBXVariantGroup;
			children = (
				A1B42D2D27972DC200FDE010 /* Base */,
			);
			name = LaunchScreen.storyboard;
			sourceTree = "<group>";
		};
/* End PBXVariantGroup section */

/* Begin XCBuildConfiguration section */
		A1B42D4627972DC200FDE010 /* Debug */ = {
			isa = XCBuildConfiguration;
			buildSettings = {
				ALWAYS_SEARCH_USER_PATHS = NO;
				CLANG_ANALYZER_NONNULL = YES;
				CLANG_ANALYZER_NUMBER_OBJECT_CONVERSION = YES_AGGRESSIVE;
				CLANG_CXX_LANGUAGE_STANDARD = "gnu++17";
				CLANG_CXX_LIBRARY = "libc++";
				CLANG_ENABLE_MODULES = YES;
				CLANG_ENABLE_OBJC_ARC = YES;
				CLANG_ENABLE_OBJC_WEAK = YES;
				CLANG_WARN_BLOCK_CAPTURE_AUTORELEASING = YES;
				CLANG_WARN_BOOL_CONVERSION = YES;
				CLANG_WARN_COMMA = YES;
				CLANG_WARN_CONSTANT_CONVERSION = YES;
				CLANG_WARN_DEPRECATED_OBJC_IMPLEMENTATIONS = YES;
				CLANG_WARN_DIRECT_OBJC_ISA_USAGE = YES_ERROR;
				CLANG_WARN_DOCUMENTATION_COMMENTS = YES;
				CLANG_WARN_EMPTY_BODY = YES;
				CLANG_WARN_ENUM_CONVERSION = YES;
				CLANG_WARN_INFINITE_RECURSION = YES;
				CLANG_WARN_INT_CONVERSION = YES;
				CLANG_WARN_NON_LITERAL_NULL_CONVERSION = YES;
				CLANG_WARN_OBJC_IMPLICIT_RETAIN_SELF = YES;
				CLANG_WARN_OBJC_LITERAL_CONVERSION = YES;
				CLANG_WARN_OBJC_ROOT_CLASS = YES_ERROR;
				CLANG_WARN_QUOTED_INCLUDE_IN_FRAMEWORK_HEADER = YES;
				CLANG_WARN_RANGE_LOOP_ANALYSIS = YES;
				CLANG_WARN_STRICT_PROTOTYPES = YES;
				CLANG_WARN_SUSPICIOUS_MOVE = YES;
				CLANG_WARN_UNGUARDED_AVAILABILITY = YES_AGGRESSIVE;
				CLANG_WARN_UNREACHABLE_CODE = YES;
				CLANG_WARN__DUPLICATE_METHOD_MATCH = YES;
				COPY_PHASE_STRIP = NO;
				DEBUG_INFORMATION_FORMAT = dwarf;
				ENABLE_STRICT_OBJC_MSGSEND = YES;
				ENABLE_TESTABILITY = YES;
				GCC_C_LANGUAGE_STANDARD = gnu11;
				GCC_DYNAMIC_NO_PIC = NO;
				GCC_NO_COMMON_BLOCKS = YES;
				GCC_OPTIMIZATION_LEVEL = 0;
				GCC_PREPROCESSOR_DEFINITIONS = (
					"DEBUG=1",
					"$(inherited)",
				);
				GCC_WARN_64_TO_32_BIT_CONVERSION = YES;
				GCC_WARN_ABOUT_RETURN_TYPE = YES_ERROR;
				GCC_WARN_UNDECLARED_SELECTOR = YES;
				GCC_WARN_UNINITIALIZED_AUTOS = YES_AGGRESSIVE;
				GCC_WARN_UNUSED_FUNCTION = YES;
				GCC_WARN_UNUSED_VARIABLE = YES;
				IPHONEOS_DEPLOYMENT_TARGET = 15.2;
				MTL_ENABLE_DEBUG_INFO = INCLUDE_SOURCE;
				MTL_FAST_MATH = YES;
				ONLY_ACTIVE_ARCH = YES;
				SDKROOT = iphoneos;
				SWIFT_ACTIVE_COMPILATION_CONDITIONS = DEBUG;
				SWIFT_OPTIMIZATION_LEVEL = "-Onone";
			};
			name = Debug;
		};
		A1B42D4727972DC200FDE010 /* Release */ = {
			isa = XCBuildConfiguration;
			buildSettings = {
				ALWAYS_SEARCH_USER_PATHS = NO;
				CLANG_ANALYZER_NONNULL = YES;
				CLANG_ANALYZER_NUMBER_OBJECT_CONVERSION = YES_AGGRESSIVE;
				CLANG_CXX_LANGUAGE_STANDARD = "gnu++17";
				CLANG_CXX_LIBRARY = "libc++";
				CLANG_ENABLE_MODULES = YES;
				CLANG_ENABLE_OBJC_ARC = YES;
				CLANG_ENABLE_OBJC_WEAK = YES;
				CLANG_WARN_BLOCK_CAPTURE_AUTORELEASING = YES;
				CLANG_WARN_BOOL_CONVERSION = YES;
				CLANG_WARN_COMMA = YES;
				CLANG_WARN_CONSTANT_CONVERSION = YES;
				CLANG_WARN_DEPRECATED_OBJC_IMPLEMENTATIONS = YES;
				CLANG_WARN_DIRECT_OBJC_ISA_USAGE = YES_ERROR;
				CLANG_WARN_DOCUMENTATION_COMMENTS = YES;
				CLANG_WARN_EMPTY_BODY = YES;
				CLANG_WARN_ENUM_CONVERSION = YES;
				CLANG_WARN_INFINITE_RECURSION = YES;
				CLANG_WARN_INT_CONVERSION = YES;
				CLANG_WARN_NON_LITERAL_NULL_CONVERSION = YES;
				CLANG_WARN_OBJC_IMPLICIT_RETAIN_SELF = YES;
				CLANG_WARN_OBJC_LITERAL_CONVERSION = YES;
				CLANG_WARN_OBJC_ROOT_CLASS = YES_ERROR;
				CLANG_WARN_QUOTED_INCLUDE_IN_FRAMEWORK_HEADER = YES;
				CLANG_WARN_RANGE_LOOP_ANALYSIS = YES;
				CLANG_WARN_STRICT_PROTOTYPES = YES;
				CLANG_WARN_SUSPICIOUS_MOVE = YES;
				CLANG_WARN_UNGUARDED_AVAILABILITY = YES_AGGRESSIVE;
				CLANG_WARN_UNREACHABLE_CODE = YES;
				CLANG_WARN__DUPLICATE_METHOD_MATCH = YES;
				COPY_PHASE_STRIP = NO;
				DEBUG_INFORMATION_FORMAT = "dwarf-with-dsym";
				ENABLE_NS_ASSERTIONS = NO;
				ENABLE_STRICT_OBJC_MSGSEND = YES;
				GCC_C_LANGUAGE_STANDARD = gnu11;
				GCC_NO_COMMON_BLOCKS = YES;
				GCC_WARN_64_TO_32_BIT_CONVERSION = YES;
				GCC_WARN_ABOUT_RETURN_TYPE = YES_ERROR;
				GCC_WARN_UNDECLARED_SELECTOR = YES;
				GCC_WARN_UNINITIALIZED_AUTOS = YES_AGGRESSIVE;
				GCC_WARN_UNUSED_FUNCTION = YES;
				GCC_WARN_UNUSED_VARIABLE = YES;
				IPHONEOS_DEPLOYMENT_TARGET = 15.2;
				MTL_ENABLE_DEBUG_INFO = NO;
				MTL_FAST_MATH = YES;
				SDKROOT = iphoneos;
				SWIFT_COMPILATION_MODE = wholemodule;
				SWIFT_OPTIMIZATION_LEVEL = "-O";
				VALIDATE_PRODUCT = YES;
			};
			name = Release;
		};
		A1B42D4927972DC200FDE010 /* Debug */ = {
			isa = XCBuildConfiguration;
			buildSettings = {
				ASSETCATALOG_COMPILER_APPICON_NAME = AppIcon;
				ASSETCATALOG_COMPILER_GLOBAL_ACCENT_COLOR_NAME = AccentColor;
				CODE_SIGN_STYLE = Automatic;
				CURRENT_PROJECT_VERSION = 1;
				GENERATE_INFOPLIST_FILE = YES;
				INFOPLIST_FILE = "Im am Rich/Info.plist";
				INFOPLIST_KEY_UIApplicationSupportsIndirectInputEvents = YES;
				INFOPLIST_KEY_UILaunchStoryboardName = LaunchScreen;
				INFOPLIST_KEY_UIMainStoryboardFile = Main;
				INFOPLIST_KEY_UISupportedInterfaceOrientations_iPad = "UIInterfaceOrientationPortrait UIInterfaceOrientationPortraitUpsideDown UIInterfaceOrientationLandscapeLeft UIInterfaceOrientationLandscapeRight";
				INFOPLIST_KEY_UISupportedInterfaceOrientations_iPhone = "UIInterfaceOrientationPortrait UIInterfaceOrientationLandscapeLeft UIInterfaceOrientationLandscapeRight";
				LD_RUNPATH_SEARCH_PATHS = (
					"$(inherited)",
					"@executable_path/Frameworks",
				);
				MARKETING_VERSION = 1.0;
				PRODUCT_BUNDLE_IDENTIFIER = "co.swift.bootcamp.Im-am-Rich";
				PRODUCT_NAME = "$(TARGET_NAME)";
				SWIFT_EMIT_LOC_STRINGS = YES;
				SWIFT_VERSION = 5.0;
				TARGETED_DEVICE_FAMILY = "1,2";
			};
			name = Debug;
		};
		A1B42D4A27972DC200FDE010 /* Release */ = {
			isa = XCBuildConfiguration;
			buildSettings = {
				ASSETCATALOG_COMPILER_APPICON_NAME = AppIcon;
				ASSETCATALOG_COMPILER_GLOBAL_ACCENT_COLOR_NAME = AccentColor;
				CODE_SIGN_STYLE = Automatic;
				CURRENT_PROJECT_VERSION = 1;
				GENERATE_INFOPLIST_FILE = YES;
				INFOPLIST_FILE = "Im am Rich/Info.plist";
				INFOPLIST_KEY_UIApplicationSupportsIndirectInputEvents = YES;
				INFOPLIST_KEY_UILaunchStoryboardName = LaunchScreen;
				INFOPLIST_KEY_UIMainStoryboardFile = Main;
				INFOPLIST_KEY_UISupportedInterfaceOrientations_iPad = "UIInterfaceOrientationPortrait UIInterfaceOrientationPortraitUpsideDown UIInterfaceOrientationLandscapeLeft UIInterfaceOrientationLandscapeRight";
				INFOPLIST_KEY_UISupportedInterfaceOrientations_iPhone = "UIInterfaceOrientationPortrait UIInterfaceOrientationLandscapeLeft UIInterfaceOrientationLandscapeRight";
				LD_RUNPATH_SEARCH_PATHS = (
					"$(inherited)",
					"@executable_path/Frameworks",
				);
				MARKETING_VERSION = 1.0;
				PRODUCT_BUNDLE_IDENTIFIER = "co.swift.bootcamp.Im-am-Rich";
				PRODUCT_NAME = "$(TARGET_NAME)";
				SWIFT_EMIT_LOC_STRINGS = YES;
				SWIFT_VERSION = 5.0;
				TARGETED_DEVICE_FAMILY = "1,2";
			};
			name = Release;
		};
		A1B42D4C27972DC200FDE010 /* Debug */ = {
			isa = XCBuildConfiguration;
			buildSettings = {
				ALWAYS_EMBED_SWIFT_STANDARD_LIBRARIES = YES;
				BUNDLE_LOADER = "$(TEST_HOST)";
				CODE_SIGN_STYLE = Automatic;
				CURRENT_PROJECT_VERSION = 1;
				GENERATE_INFOPLIST_FILE = YES;
				IPHONEOS_DEPLOYMENT_TARGET = 15.2;
				MARKETING_VERSION = 1.0;
				PRODUCT_BUNDLE_IDENTIFIER = "co.swift.bootcamp.Im-am-RichTests";
				PRODUCT_NAME = "$(TARGET_NAME)";
				SWIFT_EMIT_LOC_STRINGS = NO;
				SWIFT_VERSION = 5.0;
				TARGETED_DEVICE_FAMILY = "1,2";
				TEST_HOST = "$(BUILT_PRODUCTS_DIR)/Im am Rich.app/Im am Rich";
			};
			name = Debug;
		};
		A1B42D4D27972DC200FDE010 /* Release */ = {
			isa = XCBuildConfiguration;
			buildSettings = {
				ALWAYS_EMBED_SWIFT_STANDARD_LIBRARIES = YES;
				BUNDLE_LOADER = "$(TEST_HOST)";
				CODE_SIGN_STYLE = Automatic;
				CURRENT_PROJECT_VERSION = 1;
				GENERATE_INFOPLIST_FILE = YES;
				IPHONEOS_DEPLOYMENT_TARGET = 15.2;
				MARKETING_VERSION = 1.0;
				PRODUCT_BUNDLE_IDENTIFIER = "co.swift.bootcamp.Im-am-RichTests";
				PRODUCT_NAME = "$(TARGET_NAME)";
				SWIFT_EMIT_LOC_STRINGS = NO;
				SWIFT_VERSION = 5.0;
				TARGETED_DEVICE_FAMILY = "1,2";
				TEST_HOST = "$(BUILT_PRODUCTS_DIR)/Im am Rich.app/Im am Rich";
			};
			name = Release;
		};
		A1B42D4F27972DC200FDE010 /* Debug */ = {
			isa = XCBuildConfiguration;
			buildSettings = {
				ALWAYS_EMBED_SWIFT_STANDARD_LIBRARIES = YES;
				CODE_SIGN_STYLE = Automatic;
				CURRENT_PROJECT_VERSION = 1;
				GENERATE_INFOPLIST_FILE = YES;
				MARKETING_VERSION = 1.0;
				PRODUCT_BUNDLE_IDENTIFIER = "co.swift.bootcamp.Im-am-RichUITests";
				PRODUCT_NAME = "$(TARGET_NAME)";
				SWIFT_EMIT_LOC_STRINGS = NO;
				SWIFT_VERSION = 5.0;
				TARGETED_DEVICE_FAMILY = "1,2";
				TEST_TARGET_NAME = "Im am Rich";
			};
			name = Debug;
		};
		A1B42D5027972DC200FDE010 /* Release */ = {
			isa = XCBuildConfiguration;
			buildSettings = {
				ALWAYS_EMBED_SWIFT_STANDARD_LIBRARIES = YES;
				CODE_SIGN_STYLE = Automatic;
				CURRENT_PROJECT_VERSION = 1;
				GENERATE_INFOPLIST_FILE = YES;
				MARKETING_VERSION = 1.0;
				PRODUCT_BUNDLE_IDENTIFIER = "co.swift.bootcamp.Im-am-RichUITests";
				PRODUCT_NAME = "$(TARGET_NAME)";
				SWIFT_EMIT_LOC_STRINGS = NO;
				SWIFT_VERSION = 5.0;
				TARGETED_DEVICE_FAMILY = "1,2";
				TEST_TARGET_NAME = "Im am Rich";
			};
			name = Release;
		};
/* End XCBuildConfiguration section */

/* Begin XCConfigurationList section */
		A1B42D1927972DC100FDE010 /* Build configuration list for PBXProject "Im am Rich" */ = {
			isa = XCConfigurationList;
			buildConfigurations = (
				A1B42D4627972DC200FDE010 /* Debug */,
				A1B42D4727972DC200FDE010 /* Release */,
			);
			defaultConfigurationIsVisible = 0;
			defaultConfigurationName = Release;
		};
		A1B42D4827972DC200FDE010 /* Build configuration list for PBXNativeTarget "Im am Rich" */ = {
			isa = XCConfigurationList;
			buildConfigurations = (
				A1B42D4927972DC200FDE010 /* Debug */,
				A1B42D4A27972DC200FDE010 /* Release */,
			);
			defaultConfigurationIsVisible = 0;
			defaultConfigurationName = Release;
		};
		A1B42D4B27972DC200FDE010 /* Build configuration list for PBXNativeTarget "Im am RichTests" */ = {
			isa = XCConfigurationList;
			buildConfigurations = (
				A1B42D4C27972DC200FDE010 /* Debug */,
				A1B42D4D27972DC200FDE010 /* Release */,
			);
			defaultConfigurationIsVisible = 0;
			defaultConfigurationName = Release;
		};
		A1B42D4E27972DC200FDE010 /* Build configuration list for PBXNativeTarget "Im am RichUITests" */ = {
			isa = XCConfigurationList;
			buildConfigurations = (
				A1B42D4F27972DC200FDE010 /* Debug */,
				A1B42D5027972DC200FDE010 /* Release */,
			);
			defaultConfigurationIsVisible = 0;
			defaultConfigurationName = Release;
		};
/* End XCConfigurationList section */
	};
	rootObject = A1B42D1627972DC100FDE010 /* Project object */;
}
